
Microsoft Visual Studio Solution File, Format Version 12.00
# Visual Studio Version 17
VisualStudioVersion = 17.4.33213.308
MinimumVisualStudioVersion = 10.0.40219.1
Project("{FAE04EC0-301F-11D3-BF4B-00C04F79EFBC}") = "HelloWPF", "HelloWPF.csproj", "{C366AE66-BEE8-44C7-9BD1-C43002B12517}"
EndProject
Global
	GlobalSection(SolutionConfigurationPlatforms) = preSolution
		Debug|Any CPU = Debug|Any CPU
		Release|Any CPU = Release|Any CPU
	EndGlobalSection
	GlobalSection(ProjectConfigurationPlatforms) = postSolution
		{C366AE66-BEE8-44C7-9BD1-C43002B12517}.Debug|Any CPU.ActiveCfg = Debug|Any CPU
		{C366AE66-BEE8-44C7-9BD1-C43002B12517}.Debug|Any CPU.Build.0 = Debug|Any CPU
		{C366AE66-BEE8-44C7-9BD1-C43002B12517}.Release|Any CPU.ActiveCfg = Release|Any CPU
		{C366AE66-BEE8-44C7-9BD1-C43002B12517}.Release|Any CPU.Build.0 = Release|Any CPU
	EndGlobalSection
	GlobalSection(SolutionProperties) = preSolution
		HideSolutionNode = FALSE
	EndGlobalSection
	GlobalSection(ExtensibilityGlobals) = postSolution
		SolutionGuid = {7427ACB1-4326-4E5E-AE80-6ACDC24D9AF2}
	EndGlobalSection
EndGlobal
