
Microsoft Visual Studio Solution File, Format Version 12.00
# Visual Studio Version 17
VisualStudioVersion = 17.4.33213.308
MinimumVisualStudioVersion = 10.0.40219.1
Project("{FAE04EC0-301F-11D3-BF4B-00C04F79EFBC}") = "CSharpPractice", "CSharpPractice.csproj", "{E048B9CB-4231-4B33-9498-9022DB7842B0}"
EndProject
Global
	GlobalSection(SolutionConfigurationPlatforms) = preSolution
		Debug|Any CPU = Debug|Any CPU
		Release|Any CPU = Release|Any CPU
	EndGlobalSection
	GlobalSection(ProjectConfigurationPlatforms) = postSolution
		{E048B9CB-4231-4B33-9498-9022DB7842B0}.Debug|Any CPU.ActiveCfg = Debug|Any CPU
		{E048B9CB-4231-4B33-9498-9022DB7842B0}.Debug|Any CPU.Build.0 = Debug|Any CPU
		{E048B9CB-4231-4B33-9498-9022DB7842B0}.Release|Any CPU.ActiveCfg = Release|Any CPU
		{E048B9CB-4231-4B33-9498-9022DB7842B0}.Release|Any CPU.Build.0 = Release|Any CPU
	EndGlobalSection
	GlobalSection(SolutionProperties) = preSolution
		HideSolutionNode = FALSE
	EndGlobalSection
	GlobalSection(ExtensibilityGlobals) = postSolution
		SolutionGuid = {9A939775-0902-4C6D-A18B-D9FF736C5400}
	EndGlobalSection
EndGlobal
